
Microsoft Visual Studio Solution File, Format Version 12.00
# Visual Studio Version 16
VisualStudioVersion = 16.0.31702.278
MinimumVisualStudioVersion = 10.0.40219.1
Project("{FAE04EC0-301F-11D3-BF4B-00C04F79EFBC}") = "PilotSoft.RainFlow", "PilotSoft.RainFlow\PilotSoft.RainFlow.csproj", "{D19A4E2A-956B-4463-918B-8AC710554744}"
EndProject
Project("{FAE04EC0-301F-11D3-BF4B-00C04F79EFBC}") = "RF.Test", "RF.Test\RF.Test.csproj", "{6813205A-EA4A-4CBF-A67E-09702E417E85}"
EndProject
Global
	GlobalSection(SolutionConfigurationPlatforms) = preSolution
		Debug|Any CPU = Debug|Any CPU
		Release|Any CPU = Release|Any CPU
	EndGlobalSection
	GlobalSection(ProjectConfigurationPlatforms) = postSolution
		{D19A4E2A-956B-4463-918B-8AC710554744}.Debug|Any CPU.ActiveCfg = Debug|Any CPU
		{D19A4E2A-956B-4463-918B-8AC710554744}.Debug|Any CPU.Build.0 = Debug|Any CPU
		{D19A4E2A-956B-4463-918B-8AC710554744}.Release|Any CPU.ActiveCfg = Release|Any CPU
		{D19A4E2A-956B-4463-918B-8AC710554744}.Release|Any CPU.Build.0 = Release|Any CPU
		{6813205A-EA4A-4CBF-A67E-09702E417E85}.Debug|Any CPU.ActiveCfg = Debug|Any CPU
		{6813205A-EA4A-4CBF-A67E-09702E417E85}.Debug|Any CPU.Build.0 = Debug|Any CPU
		{6813205A-EA4A-4CBF-A67E-09702E417E85}.Release|Any CPU.ActiveCfg = Release|Any CPU
		{6813205A-EA4A-4CBF-A67E-09702E417E85}.Release|Any CPU.Build.0 = Release|Any CPU
	EndGlobalSection
	GlobalSection(SolutionProperties) = preSolution
		HideSolutionNode = FALSE
	EndGlobalSection
	GlobalSection(ExtensibilityGlobals) = postSolution
		SolutionGuid = {12CAC86C-9F90-4B41-9641-E3E1D88CFF4D}
	EndGlobalSection
EndGlobal
